
Microsoft Visual Studio Solution File, Format Version 12.00
# Visual Studio Version 17
VisualStudioVersion = 17.11.35312.102
MinimumVisualStudioVersion = 10.0.40219.1
Project("{9A19103F-16F7-4668-BE54-9A1E7A4F7556}") = "SimpleLogisticSystem", "SimpleLogisticSystem.csproj", "{ACDB5DC8-1584-489C-84DB-BE22D40EAD74}"
EndProject
Project("{2150E333-8FDC-42A3-9474-1A3956D46DE8}") = "Solution Items", "Solution Items", "{9AE3BEFF-D8E7-46F2-A6E5-3ADDB8C1934C}"
	ProjectSection(SolutionItems) = preProject
		DatabaseSchema.txt = DatabaseSchema.txt
		..\..\..\..\..\..\Downloads\SimpleLogisitcSystem.png = ..\..\..\..\..\..\Downloads\SimpleLogisitcSystem.png
	EndProjectSection
EndProject
Global
	GlobalSection(SolutionConfigurationPlatforms) = preSolution
		Debug|Any CPU = Debug|Any CPU
		Release|Any CPU = Release|Any CPU
	EndGlobalSection
	GlobalSection(ProjectConfigurationPlatforms) = postSolution
		{ACDB5DC8-1584-489C-84DB-BE22D40EAD74}.Debug|Any CPU.ActiveCfg = Debug|Any CPU
		{ACDB5DC8-1584-489C-84DB-BE22D40EAD74}.Debug|Any CPU.Build.0 = Debug|Any CPU
		{ACDB5DC8-1584-489C-84DB-BE22D40EAD74}.Release|Any CPU.ActiveCfg = Release|Any CPU
		{ACDB5DC8-1584-489C-84DB-BE22D40EAD74}.Release|Any CPU.Build.0 = Release|Any CPU
	EndGlobalSection
	GlobalSection(SolutionProperties) = preSolution
		HideSolutionNode = FALSE
	EndGlobalSection
	GlobalSection(ExtensibilityGlobals) = postSolution
		SolutionGuid = {2E2B5F9A-2B25-4B62-8358-676CC6B81209}
	EndGlobalSection
EndGlobal
